{
  "pins" : [
    {
      "identity" : "dswaveformimage",
      "kind" : "remoteSourceControl",
      "location" : "https://github.com/dmrschmidt/DSWaveformImage",
      "state" : {
        "revision" : "26b3e8fa66e7d94f41ea1ff59cd87bbcafaa5a59",
        "version" : "7.0.2"
      }
    },
    {
      "identity" : "shimmerswift",
      "kind" : "remoteSourceControl",
      "location" : "https://github.com/BeauNouvelle/ShimmerSwift",
      "state" : {
        "revision" : "f1a4366f74329c313e9528bcbe5286eacc750c05",
        "version" : "2.2.0"
      }
    },
    {
      "identity" : "swiftystorekit",
      "kind" : "remoteSourceControl",
      "location" : "https://github.com/bizz84/SwiftyStoreKit.git",
      "state" : {
        "revision" : "3b54c8eac2840b0cdd576634e83d9ebeb70f847c",
        "version" : "0.16.3"
      }
    }
  ],
  "version" : 2
}
